
Microsoft Visual Studio Solution File, Format Version 12.00
# Visual Studio Version 17
VisualStudioVersion = 17.0.31903.59
MinimumVisualStudioVersion = 10.0.40219.1
Project("{FAE04EC0-301F-11D3-BF4B-00C04F79EFBC}") = "BuildAnalyzer.Core", "BuildAnalyzer.Core\BuildAnalyzer.Core.csproj", "{A712B6FF-87ED-475D-AA8F-91EE581EDEBD}"
EndProject
Project("{FAE04EC0-301F-11D3-BF4B-00C04F79EFBC}") = "BuildAnalyzer.App", "BuildAnalyzer.App\BuildAnalyzer.App.csproj", "{4DEFAFA1-8F0E-4AD2-AC75-6272305C3644}"
EndProject
Global
	GlobalSection(SolutionConfigurationPlatforms) = preSolution
		Debug|Any CPU = Debug|Any CPU
		Debug|x64 = Debug|x64
		Debug|x86 = Debug|x86
		Release|Any CPU = Release|Any CPU
		Release|x64 = Release|x64
		Release|x86 = Release|x86
	EndGlobalSection
	GlobalSection(ProjectConfigurationPlatforms) = postSolution
		{A712B6FF-87ED-475D-AA8F-91EE581EDEBD}.Debug|Any CPU.ActiveCfg = Debug|Any CPU
		{A712B6FF-87ED-475D-AA8F-91EE581EDEBD}.Debug|Any CPU.Build.0 = Debug|Any CPU
		{A712B6FF-87ED-475D-AA8F-91EE581EDEBD}.Debug|x64.ActiveCfg = Debug|Any CPU
		{A712B6FF-87ED-475D-AA8F-91EE581EDEBD}.Debug|x64.Build.0 = Debug|Any CPU
		{A712B6FF-87ED-475D-AA8F-91EE581EDEBD}.Debug|x86.ActiveCfg = Debug|Any CPU
		{A712B6FF-87ED-475D-AA8F-91EE581EDEBD}.Debug|x86.Build.0 = Debug|Any CPU
		{A712B6FF-87ED-475D-AA8F-91EE581EDEBD}.Release|Any CPU.ActiveCfg = Release|Any CPU
		{A712B6FF-87ED-475D-AA8F-91EE581EDEBD}.Release|Any CPU.Build.0 = Release|Any CPU
		{A712B6FF-87ED-475D-AA8F-91EE581EDEBD}.Release|x64.ActiveCfg = Release|Any CPU
		{A712B6FF-87ED-475D-AA8F-91EE581EDEBD}.Release|x64.Build.0 = Release|Any CPU
		{A712B6FF-87ED-475D-AA8F-91EE581EDEBD}.Release|x86.ActiveCfg = Release|Any CPU
		{A712B6FF-87ED-475D-AA8F-91EE581EDEBD}.Release|x86.Build.0 = Release|Any CPU
		{4DEFAFA1-8F0E-4AD2-AC75-6272305C3644}.Debug|Any CPU.ActiveCfg = Debug|Any CPU
		{4DEFAFA1-8F0E-4AD2-AC75-6272305C3644}.Debug|Any CPU.Build.0 = Debug|Any CPU
		{4DEFAFA1-8F0E-4AD2-AC75-6272305C3644}.Debug|x64.ActiveCfg = Debug|Any CPU
		{4DEFAFA1-8F0E-4AD2-AC75-6272305C3644}.Debug|x64.Build.0 = Debug|Any CPU
		{4DEFAFA1-8F0E-4AD2-AC75-6272305C3644}.Debug|x86.ActiveCfg = Debug|Any CPU
		{4DEFAFA1-8F0E-4AD2-AC75-6272305C3644}.Debug|x86.Build.0 = Debug|Any CPU
		{4DEFAFA1-8F0E-4AD2-AC75-6272305C3644}.Release|Any CPU.ActiveCfg = Release|Any CPU
		{4DEFAFA1-8F0E-4AD2-AC75-6272305C3644}.Release|Any CPU.Build.0 = Release|Any CPU
		{4DEFAFA1-8F0E-4AD2-AC75-6272305C3644}.Release|x64.ActiveCfg = Release|Any CPU
		{4DEFAFA1-8F0E-4AD2-AC75-6272305C3644}.Release|x64.Build.0 = Release|Any CPU
		{4DEFAFA1-8F0E-4AD2-AC75-6272305C3644}.Release|x86.ActiveCfg = Release|Any CPU
		{4DEFAFA1-8F0E-4AD2-AC75-6272305C3644}.Release|x86.Build.0 = Release|Any CPU
	EndGlobalSection
	GlobalSection(SolutionProperties) = preSolution
		HideSolutionNode = FALSE
	EndGlobalSection
EndGlobal
