
Microsoft Visual Studio Solution File, Format Version 12.00
# Visual Studio Version 17
VisualStudioVersion = 17.14.36414.22 d17.14
MinimumVisualStudioVersion = 10.0.40219.1
Project("{FAE04EC0-301F-11D3-BF4B-00C04F79EFBC}") = "JSONPlaceholder", "JSONPlaceholder\JSONPlaceholder.csproj", "{04D29731-4A40-43D2-9557-BB70F02863FC}"
EndProject
Global
	GlobalSection(SolutionConfigurationPlatforms) = preSolution
		Debug|Any CPU = Debug|Any CPU
		Release|Any CPU = Release|Any CPU
	EndGlobalSection
	GlobalSection(ProjectConfigurationPlatforms) = postSolution
		{04D29731-4A40-43D2-9557-BB70F02863FC}.Debug|Any CPU.ActiveCfg = Debug|Any CPU
		{04D29731-4A40-43D2-9557-BB70F02863FC}.Debug|Any CPU.Build.0 = Debug|Any CPU
		{04D29731-4A40-43D2-9557-BB70F02863FC}.Release|Any CPU.ActiveCfg = Release|Any CPU
		{04D29731-4A40-43D2-9557-BB70F02863FC}.Release|Any CPU.Build.0 = Release|Any CPU
	EndGlobalSection
	GlobalSection(SolutionProperties) = preSolution
		HideSolutionNode = FALSE
	EndGlobalSection
	GlobalSection(ExtensibilityGlobals) = postSolution
		SolutionGuid = {FC361A84-E095-43F4-9CE3-36EB6BF52860}
	EndGlobalSection
EndGlobal
